
Microsoft Visual Studio Solution File, Format Version 12.00
# Visual Studio 15
VisualStudioVersion = 15.0.28307.271
MinimumVisualStudioVersion = 10.0.40219.1
Project("{FAE04EC0-301F-11D3-BF4B-00C04F79EFBC}") = "WebApplication1", "WebApplication1\WebApplication1.csproj", "{38E58DC2-096D-4F2A-80B3-EFA6581E51EF}"
EndProject
Global
	GlobalSection(SolutionConfigurationPlatforms) = preSolution
		Debug|Any CPU = Debug|Any CPU
		Release|Any CPU = Release|Any CPU
	EndGlobalSection
	GlobalSection(ProjectConfigurationPlatforms) = postSolution
		{38E58DC2-096D-4F2A-80B3-EFA6581E51EF}.Debug|Any CPU.ActiveCfg = Debug|Any CPU
		{38E58DC2-096D-4F2A-80B3-EFA6581E51EF}.Debug|Any CPU.Build.0 = Debug|Any CPU
		{38E58DC2-096D-4F2A-80B3-EFA6581E51EF}.Release|Any CPU.ActiveCfg = Release|Any CPU
		{38E58DC2-096D-4F2A-80B3-EFA6581E51EF}.Release|Any CPU.Build.0 = Release|Any CPU
	EndGlobalSection
	GlobalSection(SolutionProperties) = preSolution
		HideSolutionNode = FALSE
	EndGlobalSection
	GlobalSection(ExtensibilityGlobals) = postSolution
		SolutionGuid = {563F29C5-9FA6-4A44-B105-F840F8A0AB0B}
	EndGlobalSection
EndGlobal
